
Microsoft Visual Studio Solution File, Format Version 12.00
# Visual Studio 15
Project("{FAE04EC0-301F-11D3-BF4B-00C04F79EFBC}") = "ФоноваяEnums", "ФоноваяEnums.csproj", "{86C0DB33-786A-450A-ABD5-A3971E9031C4}"
EndProject
Global
	GlobalSection(SolutionConfigurationPlatforms) = preSolution
		Debug|Any CPU = Debug|Any CPU
		Release|Any CPU = Release|Any CPU
	EndGlobalSection
	GlobalSection(ProjectConfigurationPlatforms) = postSolution
		{86C0DB33-786A-450A-ABD5-A3971E9031C4}.Debug|Any CPU.ActiveCfg = Debug|Any CPU
		{86C0DB33-786A-450A-ABD5-A3971E9031C4}.Debug|Any CPU.Build.0 = Debug|Any CPU
		{86C0DB33-786A-450A-ABD5-A3971E9031C4}.Release|Any CPU.ActiveCfg = Release|Any CPU
		{86C0DB33-786A-450A-ABD5-A3971E9031C4}.Release|Any CPU.Build.0 = Release|Any CPU
	EndGlobalSection
EndGlobal
