
Microsoft Visual Studio Solution File, Format Version 12.00
# Visual Studio 15
Project("{FAE04EC0-301F-11D3-BF4B-00C04F79EFBC}") = "Фоновая4вар", "Фоновая4вар.csproj", "{12549BDF-5743-425B-ACF7-D05C4A3DF6A9}"
EndProject
Global
	GlobalSection(SolutionConfigurationPlatforms) = preSolution
		Debug|Any CPU = Debug|Any CPU
		Release|Any CPU = Release|Any CPU
	EndGlobalSection
	GlobalSection(ProjectConfigurationPlatforms) = postSolution
		{12549BDF-5743-425B-ACF7-D05C4A3DF6A9}.Debug|Any CPU.ActiveCfg = Debug|Any CPU
		{12549BDF-5743-425B-ACF7-D05C4A3DF6A9}.Debug|Any CPU.Build.0 = Debug|Any CPU
		{12549BDF-5743-425B-ACF7-D05C4A3DF6A9}.Release|Any CPU.ActiveCfg = Release|Any CPU
		{12549BDF-5743-425B-ACF7-D05C4A3DF6A9}.Release|Any CPU.Build.0 = Release|Any CPU
	EndGlobalSection
EndGlobal
